{
  "name": "Krist",
  "version": "1.0.0",
  "lockfileVersion": 1,
  "requires": true,
  "dependencies": {
    "krist-utils": {
      "version": "1.0.5",
      "resolved": "https://registry.npmjs.org/krist-utils/-/krist-utils-1.0.5.tgz",
      "integrity": "sha512-Z696G4g1edLc8XD+xS0a1lPatyk3dHZwqXCDpCZB9eHF3JGqCiGMlShpgxq9+kIbUj4lYTl+uOOn1Ju4tKuiQA=="
    },
    "node-fetch": {
      "version": "2.6.1",
      "resolved": "https://registry.npmjs.org/node-fetch/-/node-fetch-2.6.1.tgz",
      "integrity": "sha512-V4aYg89jEoVRxRb2fJdAg8FHvI7cEyYdVAh94HH0UIK8oJxUfkjlDQN9RbMx+bEjP7+ggMiFRprSti032Oipxw=="
    }
  }
}
